<?xml version="1.0" encoding="utf-8"?>
<Project ToolsVersion="4.0" xmlns="http://schemas.microsoft.com/developer/msbuild/2003">
  <ItemGroup>
    <Filter Include="Fichiers sources">
      <UniqueIdentifier>{4FC737F1-C7A5-4376-A066-2A32D752A2FF}</UniqueIdentifier>
      <Extensions>cpp;c;cc;cxx;def;odl;idl;hpj;bat;asm;asmx</Extensions>
    </Filter>
    <Filter Include="Fichiers d%27en-tête">
      <UniqueIdentifier>{93995380-89BD-4b04-88EB-625FBE52EBFB}</UniqueIdentifier>
      <Extensions>h;hh;hpp;hxx;hm;inl;inc;xsd</Extensions>
    </Filter>
    <Filter Include="Fichiers de ressources">
      <UniqueIdentifier>{67DA6AB6-F800-4c08-8B7A-83BB121AAD01}</UniqueIdentifier>
      <Extensions>rc;ico;cur;bmp;dlg;rc2;rct;bin;rgs;gif;jpg;jpeg;jpe;resx;tiff;tif;png;wav;mfcribbon-ms</Extensions>
    </Filter>
    <Filter Include="Fichiers sources\Core">
      <UniqueIdentifier>{a9394b0a-aa64-41d1-9c0c-266d77f200fd}</UniqueIdentifier>
    </Filter>
    <Filter Include="Fichiers d%27en-tête\Core">
      <UniqueIdentifier>{2c8978e7-8950-4e3f-8aab-d2693ffc0905}</UniqueIdentifier>
    </Filter>
    <Filter Include="Fichiers d%27en-tête\GUI">
      <UniqueIdentifier>{44cc20ce-ed3f-4e33-8c5f-dcebfe0543cd}</UniqueIdentifier>
    </Filter>
    <Filter Include="Fichiers sources\GUI">
      <UniqueIdentifier>{09cced0c-c336-4fa5-94e0-06fb7c548205}</UniqueIdentifier>
    </Filter>
    <Filter Include="Fichiers d%27en-tête\Gameplay">
      <UniqueIdentifier>{ac34c8d5-8ee9-44f1-ac2f-fd71c2cbd2d8}</UniqueIdentifier>
    </Filter>
    <Filter Include="Fichiers sources\Gameplay">
      <UniqueIdentifier>{1ca5c574-2404-46d1-9bb0-971a07b0d798}</UniqueIdentifier>
    </Filter>
    <Filter Include="Fichiers d%27en-tête\IA">
      <UniqueIdentifier>{b3878ed5-eaa0-4957-b95c-344c23c4a997}</UniqueIdentifier>
    </Filter>
    <Filter Include="Fichiers sources\IA">
      <UniqueIdentifier>{a79b9ae9-d122-4b46-a580-1593c427b491}</UniqueIdentifier>
    </Filter>
    <Filter Include="Fichiers sources\IA\MinIA">
      <UniqueIdentifier>{475fa88a-9b37-49ef-a865-12af142ea7f7}</UniqueIdentifier>
    </Filter>
    <Filter Include="Fichiers d%27en-tête\IA\MinIA">
      <UniqueIdentifier>{38ddb669-6b35-4192-af96-d8cd3331294e}</UniqueIdentifier>
    </Filter>
    <Filter Include="Fichiers d%27en-tête\Interface">
      <UniqueIdentifier>{ae55a194-ffa5-4466-bd95-bdc0ba76064b}</UniqueIdentifier>
    </Filter>
    <Filter Include="Fichiers sources\Interface">
      <UniqueIdentifier>{e79ef126-569d-43ac-9740-787d2a0756c9}</UniqueIdentifier>
    </Filter>
  </ItemGroup>
  <ItemGroup>
    <ClCompile Include="main.c">
      <Filter>Fichiers sources</Filter>
    </ClCompile>
    <ClCompile Include="EventManager.c">
      <Filter>Fichiers sources\Core</Filter>
    </ClCompile>
    <ClCompile Include="WindowManager.c">
      <Filter>Fichiers sources\GUI</Filter>
    </ClCompile>
    <ClCompile Include="TextureManager.c">
      <Filter>Fichiers sources\GUI</Filter>
    </ClCompile>
    <ClCompile Include="AbaloneBoard.c">
      <Filter>Fichiers sources\Gameplay</Filter>
    </ClCompile>
    <ClCompile Include="Event.c">
      <Filter>Fichiers sources\Core</Filter>
    </ClCompile>
    <ClCompile Include="minimax.c">
      <Filter>Fichiers sources\IA\MinIA</Filter>
    </ClCompile>
    <ClCompile Include="MinimaxThreaded.c">
      <Filter>Fichiers sources\IA\MinIA</Filter>
    </ClCompile>
    <ClCompile Include="SelectPlayerInterface.c">
      <Filter>Fichiers sources\Interface</Filter>
    </ClCompile>
    <ClCompile Include="Button.c">
      <Filter>Fichiers sources\GUI</Filter>
    </ClCompile>
    <ClCompile Include="SelectBoardInterface.c">
      <Filter>Fichiers sources\Interface</Filter>
    </ClCompile>
  </ItemGroup>
  <ItemGroup>
    <ClInclude Include="EventManager.h">
      <Filter>Fichiers d%27en-tête\Core</Filter>
    </ClInclude>
    <ClInclude Include="Event.h">
      <Filter>Fichiers d%27en-tête\Core</Filter>
    </ClInclude>
    <ClInclude Include="CallbackList.h">
      <Filter>Fichiers d%27en-tête\Core</Filter>
    </ClInclude>
    <ClInclude Include="WindowManager.h">
      <Filter>Fichiers d%27en-tête\GUI</Filter>
    </ClInclude>
    <ClInclude Include="TextureManager.h">
      <Filter>Fichiers d%27en-tête\GUI</Filter>
    </ClInclude>
    <ClInclude Include="AbaloneBoard.h">
      <Filter>Fichiers d%27en-tête\Gameplay</Filter>
    </ClInclude>
    <ClInclude Include="minimax.h">
      <Filter>Fichiers d%27en-tête\IA\MinIA</Filter>
    </ClInclude>
    <ClInclude Include="MinimaxThreaded.h">
      <Filter>Fichiers d%27en-tête\IA\MinIA</Filter>
    </ClInclude>
    <ClInclude Include="SelectPlayerInterface.h">
      <Filter>Fichiers d%27en-tête\Interface</Filter>
    </ClInclude>
    <ClInclude Include="Button.h">
      <Filter>Fichiers d%27en-tête\GUI</Filter>
    </ClInclude>
    <ClInclude Include="SelectBoardInterface.h">
      <Filter>Fichiers d%27en-tête\Interface</Filter>
    </ClInclude>
  </ItemGroup>
</Project>